<?xml version="1.0" encoding="utf-8"?>
<Project ToolsVersion="4.0" xmlns="http://schemas.microsoft.com/developer/msbuild/2003">
  <ItemGroup>
    <Filter Include="Source Files">
      <UniqueIdentifier>{4FC737F1-C7A5-4376-A066-2A32D752A2FF}</UniqueIdentifier>
      <Extensions>cpp;c;cc;cxx;def;odl;idl;hpj;bat;asm;asmx</Extensions>
    </Filter>
    <Filter Include="Header Files">
      <UniqueIdentifier>{93995380-89BD-4b04-88EB-625FBE52EBFB}</UniqueIdentifier>
      <Extensions>h;hh;hpp;hxx;hm;inl;inc;xsd</Extensions>
    </Filter>
    <Filter Include="Header Files\Draw Framework">
      <UniqueIdentifier>{f25496b6-6ff5-4c57-8af3-f414a705728a}</UniqueIdentifier>
    </Filter>
    <Filter Include="Source Files\Draw Framework">
      <UniqueIdentifier>{db733d6d-f854-4a94-8b79-91eb08cc0bad}</UniqueIdentifier>
    </Filter>
    <Filter Include="Resource Files">
      <UniqueIdentifier>{67DA6AB6-F800-4c08-8B7A-83BB121AAD01}</UniqueIdentifier>
      <Extensions>rc;ico;cur;bmp;dlg;rc2;rct;bin;rgs;gif;jpg;jpeg;jpe;resx;tiff;tif;png;wav;mfcribbon-ms</Extensions>
    </Filter>
    <Filter Include="BulletPhysicsEngine">
      <UniqueIdentifier>{86505afb-f40b-48cf-a370-1e1fd81b0226}</UniqueIdentifier>
    </Filter>
    <Filter Include="BulletPhysicsEngine\BulletCollision">
      <UniqueIdentifier>{da40315c-01d1-4966-bb3c-19da1dcbaaa9}</UniqueIdentifier>
    </Filter>
    <Filter Include="BulletPhysicsEngine\BulletCollision\BroadphaseCollision">
      <UniqueIdentifier>{413bb7bd-5e73-40bb-b302-a8a598baaf77}</UniqueIdentifier>
    </Filter>
    <Filter Include="BulletPhysicsEngine\BulletCollision\CollisionDispatch">
      <UniqueIdentifier>{fd08b94d-fc1f-467a-898d-316f10f73b8c}</UniqueIdentifier>
    </Filter>
    <Filter Include="BulletPhysicsEngine\BulletCollision\CollisionShapes">
      <UniqueIdentifier>{f8227688-090d-40f7-9a79-a2dc8d757dd0}</UniqueIdentifier>
    </Filter>
    <Filter Include="BulletPhysicsEngine\BulletCollision\Gimpact">
      <UniqueIdentifier>{12a99837-8dcc-401a-890c-34cab23db656}</UniqueIdentifier>
    </Filter>
    <Filter Include="BulletPhysicsEngine\BulletCollision\NarrowPhaseCollision">
      <UniqueIdentifier>{20db5085-c0a4-4711-825e-8641361c7f0c}</UniqueIdentifier>
    </Filter>
    <Filter Include="BulletPhysicsEngine\BulletDynamics">
      <UniqueIdentifier>{3e1db7c7-eeb7-49f7-b5a8-30bb3d2a029c}</UniqueIdentifier>
    </Filter>
    <Filter Include="BulletPhysicsEngine\BulletDynamics\Character">
      <UniqueIdentifier>{c449fb8b-f8c6-4c79-8e33-af9d15f63e2d}</UniqueIdentifier>
    </Filter>
    <Filter Include="BulletPhysicsEngine\BulletDynamics\ConstraintSolver">
      <UniqueIdentifier>{8e3ce3b3-4be5-459c-88d7-4be593775a94}</UniqueIdentifier>
    </Filter>
    <Filter Include="BulletPhysicsEngine\BulletDynamics\Dynamics">
      <UniqueIdentifier>{c65a4124-93de-4d39-b108-c6f94c9d0619}</UniqueIdentifier>
    </Filter>
    <Filter Include="BulletPhysicsEngine\BulletDynamics\Featherstone">
      <UniqueIdentifier>{04629e1f-340b-4a85-bae9-0aed8e4c6f04}</UniqueIdentifier>
    </Filter>
    <Filter Include="BulletPhysicsEngine\BulletDynamics\Vehicle">
      <UniqueIdentifier>{66288d6e-3226-4dec-b91e-dd74a92982ca}</UniqueIdentifier>
    </Filter>
    <Filter Include="BulletPhysicsEngine\BulletDynamics\MLCPSolvers">
      <UniqueIdentifier>{7b3fea46-e998-4c48-90b3-7f7b55b6e947}</UniqueIdentifier>
    </Filter>
    <Filter Include="BulletPhysicsEngine\clew">
      <UniqueIdentifier>{b2b87c21-d819-44b8-8bd2-9fc5df8e44ba}</UniqueIdentifier>
    </Filter>
    <Filter Include="BulletPhysicsEngine\LinearMath">
      <UniqueIdentifier>{665e8acf-214e-4df6-b907-8337588c8bfd}</UniqueIdentifier>
    </Filter>
    <Filter Include="Header Files\UTIL">
      <UniqueIdentifier>{c02717f5-511b-42fd-95cd-6836595cb4db}</UniqueIdentifier>
    </Filter>
    <Filter Include="Source Files\UTIL">
      <UniqueIdentifier>{c4e37591-127e-490a-ba98-8ac94609ff6a}</UniqueIdentifier>
    </Filter>
  </ItemGroup>
  <ItemGroup>
    <ClCompile Include="source\main.cpp">
      <Filter>Source Files</Filter>
    </ClCompile>
    <ClCompile Include="external\include\bullet\BulletCollision\BroadphaseCollision\btAxisSweep3.cpp">
      <Filter>BulletPhysicsEngine\BulletCollision\BroadphaseCollision</Filter>
    </ClCompile>
    <ClCompile Include="external\include\bullet\BulletCollision\BroadphaseCollision\btBroadphaseProxy.cpp">
      <Filter>BulletPhysicsEngine\BulletCollision\BroadphaseCollision</Filter>
    </ClCompile>
    <ClCompile Include="external\include\bullet\BulletCollision\BroadphaseCollision\btCollisionAlgorithm.cpp">
      <Filter>BulletPhysicsEngine\BulletCollision\BroadphaseCollision</Filter>
    </ClCompile>
    <ClCompile Include="external\include\bullet\BulletCollision\BroadphaseCollision\btDbvt.cpp">
      <Filter>BulletPhysicsEngine\BulletCollision\BroadphaseCollision</Filter>
    </ClCompile>
    <ClCompile Include="external\include\bullet\BulletCollision\BroadphaseCollision\btDbvtBroadphase.cpp">
      <Filter>BulletPhysicsEngine\BulletCollision\BroadphaseCollision</Filter>
    </ClCompile>
    <ClCompile Include="external\include\bullet\BulletCollision\BroadphaseCollision\btDispatcher.cpp">
      <Filter>BulletPhysicsEngine\BulletCollision\BroadphaseCollision</Filter>
    </ClCompile>
    <ClCompile Include="external\include\bullet\BulletCollision\BroadphaseCollision\btOverlappingPairCache.cpp">
      <Filter>BulletPhysicsEngine\BulletCollision\BroadphaseCollision</Filter>
    </ClCompile>
    <ClCompile Include="external\include\bullet\BulletCollision\BroadphaseCollision\btQuantizedBvh.cpp">
      <Filter>BulletPhysicsEngine\BulletCollision\BroadphaseCollision</Filter>
    </ClCompile>
    <ClCompile Include="external\include\bullet\BulletCollision\BroadphaseCollision\btSimpleBroadphase.cpp">
      <Filter>BulletPhysicsEngine\BulletCollision\BroadphaseCollision</Filter>
    </ClCompile>
    <ClCompile Include="external\include\bullet\BulletCollision\CollisionDispatch\btActivatingCollisionAlgorithm.cpp">
      <Filter>BulletPhysicsEngine\BulletCollision\CollisionDispatch</Filter>
    </ClCompile>
    <ClCompile Include="external\include\bullet\BulletCollision\CollisionDispatch\btBox2dBox2dCollisionAlgorithm.cpp">
      <Filter>BulletPhysicsEngine\BulletCollision\CollisionDispatch</Filter>
    </ClCompile>
    <ClCompile Include="external\include\bullet\BulletCollision\CollisionDispatch\btBoxBoxCollisionAlgorithm.cpp">
      <Filter>BulletPhysicsEngine\BulletCollision\CollisionDispatch</Filter>
    </ClCompile>
    <ClCompile Include="external\include\bullet\BulletCollision\CollisionDispatch\btBoxBoxDetector.cpp">
      <Filter>BulletPhysicsEngine\BulletCollision\CollisionDispatch</Filter>
    </ClCompile>
    <ClCompile Include="external\include\bullet\BulletCollision\CollisionDispatch\btCollisionDispatcher.cpp">
      <Filter>BulletPhysicsEngine\BulletCollision\CollisionDispatch</Filter>
    </ClCompile>
    <ClCompile Include="external\include\bullet\BulletCollision\CollisionDispatch\btCollisionObject.cpp">
      <Filter>BulletPhysicsEngine\BulletCollision\CollisionDispatch</Filter>
    </ClCompile>
    <ClCompile Include="external\include\bullet\BulletCollision\CollisionDispatch\btCollisionWorld.cpp">
      <Filter>BulletPhysicsEngine\BulletCollision\CollisionDispatch</Filter>
    </ClCompile>
    <ClCompile Include="external\include\bullet\BulletCollision\CollisionDispatch\btCollisionWorldImporter.cpp">
      <Filter>BulletPhysicsEngine\BulletCollision\CollisionDispatch</Filter>
    </ClCompile>
    <ClCompile Include="external\include\bullet\BulletCollision\CollisionDispatch\btCompoundCollisionAlgorithm.cpp">
      <Filter>BulletPhysicsEngine\BulletCollision\CollisionDispatch</Filter>
    </ClCompile>
    <ClCompile Include="external\include\bullet\BulletCollision\CollisionDispatch\btCompoundCompoundCollisionAlgorithm.cpp">
      <Filter>BulletPhysicsEngine\BulletCollision\CollisionDispatch</Filter>
    </ClCompile>
    <ClCompile Include="external\include\bullet\BulletCollision\CollisionDispatch\btConvex2dConvex2dAlgorithm.cpp">
      <Filter>BulletPhysicsEngine\BulletCollision\CollisionDispatch</Filter>
    </ClCompile>
    <ClCompile Include="external\include\bullet\BulletCollision\CollisionDispatch\btConvexConcaveCollisionAlgorithm.cpp">
      <Filter>BulletPhysicsEngine\BulletCollision\CollisionDispatch</Filter>
    </ClCompile>
    <ClCompile Include="external\include\bullet\BulletCollision\CollisionDispatch\btConvexConvexAlgorithm.cpp">
      <Filter>BulletPhysicsEngine\BulletCollision\CollisionDispatch</Filter>
    </ClCompile>
    <ClCompile Include="external\include\bullet\BulletCollision\CollisionDispatch\btConvexPlaneCollisionAlgorithm.cpp">
      <Filter>BulletPhysicsEngine\BulletCollision\CollisionDispatch</Filter>
    </ClCompile>
    <ClCompile Include="external\include\bullet\BulletCollision\CollisionDispatch\btDefaultCollisionConfiguration.cpp">
      <Filter>BulletPhysicsEngine\BulletCollision\CollisionDispatch</Filter>
    </ClCompile>
    <ClCompile Include="external\include\bullet\BulletCollision\CollisionDispatch\btEmptyCollisionAlgorithm.cpp">
      <Filter>BulletPhysicsEngine\BulletCollision\CollisionDispatch</Filter>
    </ClCompile>
    <ClCompile Include="external\include\bullet\BulletCollision\CollisionDispatch\btGhostObject.cpp">
      <Filter>BulletPhysicsEngine\BulletCollision\CollisionDispatch</Filter>
    </ClCompile>
    <ClCompile Include="external\include\bullet\BulletCollision\CollisionDispatch\btHashedSimplePairCache.cpp">
      <Filter>BulletPhysicsEngine\BulletCollision\CollisionDispatch</Filter>
    </ClCompile>
    <ClCompile Include="external\include\bullet\BulletCollision\CollisionDispatch\btInternalEdgeUtility.cpp">
      <Filter>BulletPhysicsEngine\BulletCollision\CollisionDispatch</Filter>
    </ClCompile>
    <ClCompile Include="external\include\bullet\BulletCollision\CollisionDispatch\btManifoldResult.cpp">
      <Filter>BulletPhysicsEngine\BulletCollision\CollisionDispatch</Filter>
    </ClCompile>
    <ClCompile Include="external\include\bullet\BulletCollision\CollisionDispatch\btSimulationIslandManager.cpp">
      <Filter>BulletPhysicsEngine\BulletCollision\CollisionDispatch</Filter>
    </ClCompile>
    <ClCompile Include="external\include\bullet\BulletCollision\CollisionDispatch\btSphereBoxCollisionAlgorithm.cpp">
      <Filter>BulletPhysicsEngine\BulletCollision\CollisionDispatch</Filter>
    </ClCompile>
    <ClCompile Include="external\include\bullet\BulletCollision\CollisionDispatch\btSphereSphereCollisionAlgorithm.cpp">
      <Filter>BulletPhysicsEngine\BulletCollision\CollisionDispatch</Filter>
    </ClCompile>
    <ClCompile Include="external\include\bullet\BulletCollision\CollisionDispatch\btSphereTriangleCollisionAlgorithm.cpp">
      <Filter>BulletPhysicsEngine\BulletCollision\CollisionDispatch</Filter>
    </ClCompile>
    <ClCompile Include="external\include\bullet\BulletCollision\CollisionDispatch\btUnionFind.cpp">
      <Filter>BulletPhysicsEngine\BulletCollision\CollisionDispatch</Filter>
    </ClCompile>
    <ClCompile Include="external\include\bullet\BulletCollision\CollisionDispatch\SphereTriangleDetector.cpp">
      <Filter>BulletPhysicsEngine\BulletCollision\CollisionDispatch</Filter>
    </ClCompile>
    <ClCompile Include="external\include\bullet\BulletCollision\CollisionShapes\btBox2dShape.cpp">
      <Filter>BulletPhysicsEngine\BulletCollision\CollisionShapes</Filter>
    </ClCompile>
    <ClCompile Include="external\include\bullet\BulletCollision\CollisionShapes\btBoxShape.cpp">
      <Filter>BulletPhysicsEngine\BulletCollision\CollisionShapes</Filter>
    </ClCompile>
    <ClCompile Include="external\include\bullet\BulletCollision\CollisionShapes\btBvhTriangleMeshShape.cpp">
      <Filter>BulletPhysicsEngine\BulletCollision\CollisionShapes</Filter>
    </ClCompile>
    <ClCompile Include="external\include\bullet\BulletCollision\CollisionShapes\btCapsuleShape.cpp">
      <Filter>BulletPhysicsEngine\BulletCollision\CollisionShapes</Filter>
    </ClCompile>
    <ClCompile Include="external\include\bullet\BulletCollision\CollisionShapes\btCollisionShape.cpp">
      <Filter>BulletPhysicsEngine\BulletCollision\CollisionShapes</Filter>
    </ClCompile>
    <ClCompile Include="external\include\bullet\BulletCollision\CollisionShapes\btCompoundShape.cpp">
      <Filter>BulletPhysicsEngine\BulletCollision\CollisionShapes</Filter>
    </ClCompile>
    <ClCompile Include="external\include\bullet\BulletCollision\CollisionShapes\btConcaveShape.cpp">
      <Filter>BulletPhysicsEngine\BulletCollision\CollisionShapes</Filter>
    </ClCompile>
    <ClCompile Include="external\include\bullet\BulletCollision\CollisionShapes\btConeShape.cpp">
      <Filter>BulletPhysicsEngine\BulletCollision\CollisionShapes</Filter>
    </ClCompile>
    <ClCompile Include="external\include\bullet\BulletCollision\CollisionShapes\btConvex2dShape.cpp">
      <Filter>BulletPhysicsEngine\BulletCollision\CollisionShapes</Filter>
    </ClCompile>
    <ClCompile Include="external\include\bullet\BulletCollision\CollisionShapes\btConvexHullShape.cpp">
      <Filter>BulletPhysicsEngine\BulletCollision\CollisionShapes</Filter>
    </ClCompile>
    <ClCompile Include="external\include\bullet\BulletCollision\CollisionShapes\btConvexInternalShape.cpp">
      <Filter>BulletPhysicsEngine\BulletCollision\CollisionShapes</Filter>
    </ClCompile>
    <ClCompile Include="external\include\bullet\BulletCollision\CollisionShapes\btConvexPointCloudShape.cpp">
      <Filter>BulletPhysicsEngine\BulletCollision\CollisionShapes</Filter>
    </ClCompile>
    <ClCompile Include="external\include\bullet\BulletCollision\CollisionShapes\btConvexPolyhedron.cpp">
      <Filter>BulletPhysicsEngine\BulletCollision\CollisionShapes</Filter>
    </ClCompile>
    <ClCompile Include="external\include\bullet\BulletCollision\CollisionShapes\btConvexShape.cpp">
      <Filter>BulletPhysicsEngine\BulletCollision\CollisionShapes</Filter>
    </ClCompile>
    <ClCompile Include="external\include\bullet\BulletCollision\CollisionShapes\btConvexTriangleMeshShape.cpp">
      <Filter>BulletPhysicsEngine\BulletCollision\CollisionShapes</Filter>
    </ClCompile>
    <ClCompile Include="external\include\bullet\BulletCollision\CollisionShapes\btCylinderShape.cpp">
      <Filter>BulletPhysicsEngine\BulletCollision\CollisionShapes</Filter>
    </ClCompile>
    <ClCompile Include="external\include\bullet\BulletCollision\CollisionShapes\btEmptyShape.cpp">
      <Filter>BulletPhysicsEngine\BulletCollision\CollisionShapes</Filter>
    </ClCompile>
    <ClCompile Include="external\include\bullet\BulletCollision\CollisionShapes\btHeightfieldTerrainShape.cpp">
      <Filter>BulletPhysicsEngine\BulletCollision\CollisionShapes</Filter>
    </ClCompile>
    <ClCompile Include="external\include\bullet\BulletCollision\CollisionShapes\btMinkowskiSumShape.cpp">
      <Filter>BulletPhysicsEngine\BulletCollision\CollisionShapes</Filter>
    </ClCompile>
    <ClCompile Include="external\include\bullet\BulletCollision\CollisionShapes\btMultimaterialTriangleMeshShape.cpp">
      <Filter>BulletPhysicsEngine\BulletCollision\CollisionShapes</Filter>
    </ClCompile>
    <ClCompile Include="external\include\bullet\BulletCollision\CollisionShapes\btMultiSphereShape.cpp">
      <Filter>BulletPhysicsEngine\BulletCollision\CollisionShapes</Filter>
    </ClCompile>
    <ClCompile Include="external\include\bullet\BulletCollision\CollisionShapes\btOptimizedBvh.cpp">
      <Filter>BulletPhysicsEngine\BulletCollision\CollisionShapes</Filter>
    </ClCompile>
    <ClCompile Include="external\include\bullet\BulletCollision\CollisionShapes\btPolyhedralConvexShape.cpp">
      <Filter>BulletPhysicsEngine\BulletCollision\CollisionShapes</Filter>
    </ClCompile>
    <ClCompile Include="external\include\bullet\BulletCollision\CollisionShapes\btScaledBvhTriangleMeshShape.cpp">
      <Filter>BulletPhysicsEngine\BulletCollision\CollisionShapes</Filter>
    </ClCompile>
    <ClCompile Include="external\include\bullet\BulletCollision\CollisionShapes\btShapeHull.cpp">
      <Filter>BulletPhysicsEngine\BulletCollision\CollisionShapes</Filter>
    </ClCompile>
    <ClCompile Include="external\include\bullet\BulletCollision\CollisionShapes\btSphereShape.cpp">
      <Filter>BulletPhysicsEngine\BulletCollision\CollisionShapes</Filter>
    </ClCompile>
    <ClCompile Include="external\include\bullet\BulletCollision\CollisionShapes\btStaticPlaneShape.cpp">
      <Filter>BulletPhysicsEngine\BulletCollision\CollisionShapes</Filter>
    </ClCompile>
    <ClCompile Include="external\include\bullet\BulletCollision\CollisionShapes\btStridingMeshInterface.cpp">
      <Filter>BulletPhysicsEngine\BulletCollision\CollisionShapes</Filter>
    </ClCompile>
    <ClCompile Include="external\include\bullet\BulletCollision\CollisionShapes\btTetrahedronShape.cpp">
      <Filter>BulletPhysicsEngine\BulletCollision\CollisionShapes</Filter>
    </ClCompile>
    <ClCompile Include="external\include\bullet\BulletCollision\CollisionShapes\btTriangleBuffer.cpp">
      <Filter>BulletPhysicsEngine\BulletCollision\CollisionShapes</Filter>
    </ClCompile>
    <ClCompile Include="external\include\bullet\BulletCollision\CollisionShapes\btTriangleCallback.cpp">
      <Filter>BulletPhysicsEngine\BulletCollision\CollisionShapes</Filter>
    </ClCompile>
    <ClCompile Include="external\include\bullet\BulletCollision\CollisionShapes\btTriangleIndexVertexArray.cpp">
      <Filter>BulletPhysicsEngine\BulletCollision\CollisionShapes</Filter>
    </ClCompile>
    <ClCompile Include="external\include\bullet\BulletCollision\CollisionShapes\btTriangleIndexVertexMaterialArray.cpp">
      <Filter>BulletPhysicsEngine\BulletCollision\CollisionShapes</Filter>
    </ClCompile>
    <ClCompile Include="external\include\bullet\BulletCollision\CollisionShapes\btTriangleMesh.cpp">
      <Filter>BulletPhysicsEngine\BulletCollision\CollisionShapes</Filter>
    </ClCompile>
    <ClCompile Include="external\include\bullet\BulletCollision\CollisionShapes\btTriangleMeshShape.cpp">
      <Filter>BulletPhysicsEngine\BulletCollision\CollisionShapes</Filter>
    </ClCompile>
    <ClCompile Include="external\include\bullet\BulletCollision\CollisionShapes\btUniformScalingShape.cpp">
      <Filter>BulletPhysicsEngine\BulletCollision\CollisionShapes</Filter>
    </ClCompile>
    <ClCompile Include="external\include\bullet\BulletCollision\Gimpact\btContactProcessing.cpp">
      <Filter>BulletPhysicsEngine\BulletCollision\Gimpact</Filter>
    </ClCompile>
    <ClCompile Include="external\include\bullet\BulletCollision\Gimpact\btGenericPoolAllocator.cpp">
      <Filter>BulletPhysicsEngine\BulletCollision\Gimpact</Filter>
    </ClCompile>
    <ClCompile Include="external\include\bullet\BulletCollision\Gimpact\btGImpactBvh.cpp">
      <Filter>BulletPhysicsEngine\BulletCollision\Gimpact</Filter>
    </ClCompile>
    <ClCompile Include="external\include\bullet\BulletCollision\Gimpact\btGImpactCollisionAlgorithm.cpp">
      <Filter>BulletPhysicsEngine\BulletCollision\Gimpact</Filter>
    </ClCompile>
    <ClCompile Include="external\include\bullet\BulletCollision\Gimpact\btGImpactQuantizedBvh.cpp">
      <Filter>BulletPhysicsEngine\BulletCollision\Gimpact</Filter>
    </ClCompile>
    <ClCompile Include="external\include\bullet\BulletCollision\Gimpact\btGImpactShape.cpp">
      <Filter>BulletPhysicsEngine\BulletCollision\Gimpact</Filter>
    </ClCompile>
    <ClCompile Include="external\include\bullet\BulletCollision\Gimpact\btTriangleShapeEx.cpp">
      <Filter>BulletPhysicsEngine\BulletCollision\Gimpact</Filter>
    </ClCompile>
    <ClCompile Include="external\include\bullet\BulletCollision\Gimpact\gim_box_set.cpp">
      <Filter>BulletPhysicsEngine\BulletCollision\Gimpact</Filter>
    </ClCompile>
    <ClCompile Include="external\include\bullet\BulletCollision\Gimpact\gim_contact.cpp">
      <Filter>BulletPhysicsEngine\BulletCollision\Gimpact</Filter>
    </ClCompile>
    <ClCompile Include="external\include\bullet\BulletCollision\Gimpact\gim_memory.cpp">
      <Filter>BulletPhysicsEngine\BulletCollision\Gimpact</Filter>
    </ClCompile>
    <ClCompile Include="external\include\bullet\BulletCollision\Gimpact\gim_tri_collision.cpp">
      <Filter>BulletPhysicsEngine\BulletCollision\Gimpact</Filter>
    </ClCompile>
    <ClCompile Include="external\include\bullet\BulletCollision\NarrowPhaseCollision\btContinuousConvexCollision.cpp">
      <Filter>BulletPhysicsEngine\BulletCollision\NarrowPhaseCollision</Filter>
    </ClCompile>
    <ClCompile Include="external\include\bullet\BulletCollision\NarrowPhaseCollision\btConvexCast.cpp">
      <Filter>BulletPhysicsEngine\BulletCollision\NarrowPhaseCollision</Filter>
    </ClCompile>
    <ClCompile Include="external\include\bullet\BulletCollision\NarrowPhaseCollision\btGjkConvexCast.cpp">
      <Filter>BulletPhysicsEngine\BulletCollision\NarrowPhaseCollision</Filter>
    </ClCompile>
    <ClCompile Include="external\include\bullet\BulletCollision\NarrowPhaseCollision\btGjkEpa2.cpp">
      <Filter>BulletPhysicsEngine\BulletCollision\NarrowPhaseCollision</Filter>
    </ClCompile>
    <ClCompile Include="external\include\bullet\BulletCollision\NarrowPhaseCollision\btGjkEpaPenetrationDepthSolver.cpp">
      <Filter>BulletPhysicsEngine\BulletCollision\NarrowPhaseCollision</Filter>
    </ClCompile>
    <ClCompile Include="external\include\bullet\BulletCollision\NarrowPhaseCollision\btGjkPairDetector.cpp">
      <Filter>BulletPhysicsEngine\BulletCollision\NarrowPhaseCollision</Filter>
    </ClCompile>
    <ClCompile Include="external\include\bullet\BulletCollision\NarrowPhaseCollision\btMinkowskiPenetrationDepthSolver.cpp">
      <Filter>BulletPhysicsEngine\BulletCollision\NarrowPhaseCollision</Filter>
    </ClCompile>
    <ClCompile Include="external\include\bullet\BulletCollision\NarrowPhaseCollision\btPersistentManifold.cpp">
      <Filter>BulletPhysicsEngine\BulletCollision\NarrowPhaseCollision</Filter>
    </ClCompile>
    <ClCompile Include="external\include\bullet\BulletCollision\NarrowPhaseCollision\btPolyhedralContactClipping.cpp">
      <Filter>BulletPhysicsEngine\BulletCollision\NarrowPhaseCollision</Filter>
    </ClCompile>
    <ClCompile Include="external\include\bullet\BulletCollision\NarrowPhaseCollision\btRaycastCallback.cpp">
      <Filter>BulletPhysicsEngine\BulletCollision\NarrowPhaseCollision</Filter>
    </ClCompile>
    <ClCompile Include="external\include\bullet\BulletCollision\NarrowPhaseCollision\btSubSimplexConvexCast.cpp">
      <Filter>BulletPhysicsEngine\BulletCollision\NarrowPhaseCollision</Filter>
    </ClCompile>
    <ClCompile Include="external\include\bullet\BulletCollision\NarrowPhaseCollision\btVoronoiSimplexSolver.cpp">
      <Filter>BulletPhysicsEngine\BulletCollision\NarrowPhaseCollision</Filter>
    </ClCompile>
    <ClCompile Include="external\include\bullet\BulletDynamics\Character\btKinematicCharacterController.cpp">
      <Filter>BulletPhysicsEngine\BulletDynamics\Character</Filter>
    </ClCompile>
    <ClCompile Include="external\include\bullet\BulletDynamics\ConstraintSolver\btConeTwistConstraint.cpp">
      <Filter>BulletPhysicsEngine\BulletDynamics\ConstraintSolver</Filter>
    </ClCompile>
    <ClCompile Include="external\include\bullet\BulletDynamics\ConstraintSolver\btContactConstraint.cpp">
      <Filter>BulletPhysicsEngine\BulletDynamics\ConstraintSolver</Filter>
    </ClCompile>
    <ClCompile Include="external\include\bullet\BulletDynamics\ConstraintSolver\btFixedConstraint.cpp">
      <Filter>BulletPhysicsEngine\BulletDynamics\ConstraintSolver</Filter>
    </ClCompile>
    <ClCompile Include="external\include\bullet\BulletDynamics\ConstraintSolver\btGearConstraint.cpp">
      <Filter>BulletPhysicsEngine\BulletDynamics\ConstraintSolver</Filter>
    </ClCompile>
    <ClCompile Include="external\include\bullet\BulletDynamics\ConstraintSolver\btGeneric6DofConstraint.cpp">
      <Filter>BulletPhysicsEngine\BulletDynamics\ConstraintSolver</Filter>
    </ClCompile>
    <ClCompile Include="external\include\bullet\BulletDynamics\ConstraintSolver\btGeneric6DofSpring2Constraint.cpp">
      <Filter>BulletPhysicsEngine\BulletDynamics\ConstraintSolver</Filter>
    </ClCompile>
    <ClCompile Include="external\include\bullet\BulletDynamics\ConstraintSolver\btGeneric6DofSpringConstraint.cpp">
      <Filter>BulletPhysicsEngine\BulletDynamics\ConstraintSolver</Filter>
    </ClCompile>
    <ClCompile Include="external\include\bullet\BulletDynamics\ConstraintSolver\btHinge2Constraint.cpp">
      <Filter>BulletPhysicsEngine\BulletDynamics\ConstraintSolver</Filter>
    </ClCompile>
    <ClCompile Include="external\include\bullet\BulletDynamics\ConstraintSolver\btHingeConstraint.cpp">
      <Filter>BulletPhysicsEngine\BulletDynamics\ConstraintSolver</Filter>
    </ClCompile>
    <ClCompile Include="external\include\bullet\BulletDynamics\ConstraintSolver\btNNCGConstraintSolver.cpp">
      <Filter>BulletPhysicsEngine\BulletDynamics\ConstraintSolver</Filter>
    </ClCompile>
    <ClCompile Include="external\include\bullet\BulletDynamics\ConstraintSolver\btPoint2PointConstraint.cpp">
      <Filter>BulletPhysicsEngine\BulletDynamics\ConstraintSolver</Filter>
    </ClCompile>
    <ClCompile Include="external\include\bullet\BulletDynamics\ConstraintSolver\btSequentialImpulseConstraintSolver.cpp">
      <Filter>BulletPhysicsEngine\BulletDynamics\ConstraintSolver</Filter>
    </ClCompile>
    <ClCompile Include="external\include\bullet\BulletDynamics\ConstraintSolver\btSliderConstraint.cpp">
      <Filter>BulletPhysicsEngine\BulletDynamics\ConstraintSolver</Filter>
    </ClCompile>
    <ClCompile Include="external\include\bullet\BulletDynamics\ConstraintSolver\btSolve2LinearConstraint.cpp">
      <Filter>BulletPhysicsEngine\BulletDynamics\ConstraintSolver</Filter>
    </ClCompile>
    <ClCompile Include="external\include\bullet\BulletDynamics\ConstraintSolver\btTypedConstraint.cpp">
      <Filter>BulletPhysicsEngine\BulletDynamics\ConstraintSolver</Filter>
    </ClCompile>
    <ClCompile Include="external\include\bullet\BulletDynamics\ConstraintSolver\btUniversalConstraint.cpp">
      <Filter>BulletPhysicsEngine\BulletDynamics\ConstraintSolver</Filter>
    </ClCompile>
    <ClCompile Include="external\include\bullet\BulletDynamics\Dynamics\btDiscreteDynamicsWorld.cpp">
      <Filter>BulletPhysicsEngine\BulletDynamics\Dynamics</Filter>
    </ClCompile>
    <ClCompile Include="external\include\bullet\BulletDynamics\Dynamics\btDiscreteDynamicsWorldMt.cpp">
      <Filter>BulletPhysicsEngine\BulletDynamics\Dynamics</Filter>
    </ClCompile>
    <ClCompile Include="external\include\bullet\BulletDynamics\Dynamics\btRigidBody.cpp">
      <Filter>BulletPhysicsEngine\BulletDynamics\Dynamics</Filter>
    </ClCompile>
    <ClCompile Include="external\include\bullet\BulletDynamics\Dynamics\btSimpleDynamicsWorld.cpp">
      <Filter>BulletPhysicsEngine\BulletDynamics\Dynamics</Filter>
    </ClCompile>
    <ClCompile Include="external\include\bullet\BulletDynamics\Dynamics\btSimulationIslandManagerMt.cpp">
      <Filter>BulletPhysicsEngine\BulletDynamics\Dynamics</Filter>
    </ClCompile>
    <ClCompile Include="external\include\bullet\BulletDynamics\Featherstone\btMultiBody.cpp">
      <Filter>BulletPhysicsEngine\BulletDynamics\Featherstone</Filter>
    </ClCompile>
    <ClCompile Include="external\include\bullet\BulletDynamics\Featherstone\btMultiBodyConstraint.cpp">
      <Filter>BulletPhysicsEngine\BulletDynamics\Featherstone</Filter>
    </ClCompile>
    <ClCompile Include="external\include\bullet\BulletDynamics\Featherstone\btMultiBodyConstraintSolver.cpp">
      <Filter>BulletPhysicsEngine\BulletDynamics\Featherstone</Filter>
    </ClCompile>
    <ClCompile Include="external\include\bullet\BulletDynamics\Featherstone\btMultiBodyDynamicsWorld.cpp">
      <Filter>BulletPhysicsEngine\BulletDynamics\Featherstone</Filter>
    </ClCompile>
    <ClCompile Include="external\include\bullet\BulletDynamics\Featherstone\btMultiBodyFixedConstraint.cpp">
      <Filter>BulletPhysicsEngine\BulletDynamics\Featherstone</Filter>
    </ClCompile>
    <ClCompile Include="external\include\bullet\BulletDynamics\Featherstone\btMultiBodyJointLimitConstraint.cpp">
      <Filter>BulletPhysicsEngine\BulletDynamics\Featherstone</Filter>
    </ClCompile>
    <ClCompile Include="external\include\bullet\BulletDynamics\Featherstone\btMultiBodyJointMotor.cpp">
      <Filter>BulletPhysicsEngine\BulletDynamics\Featherstone</Filter>
    </ClCompile>
    <ClCompile Include="external\include\bullet\BulletDynamics\Featherstone\btMultiBodyPoint2Point.cpp">
      <Filter>BulletPhysicsEngine\BulletDynamics\Featherstone</Filter>
    </ClCompile>
    <ClCompile Include="external\include\bullet\BulletDynamics\Featherstone\btMultiBodySliderConstraint.cpp">
      <Filter>BulletPhysicsEngine\BulletDynamics\Featherstone</Filter>
    </ClCompile>
    <ClCompile Include="external\include\bullet\BulletDynamics\Vehicle\btRaycastVehicle.cpp">
      <Filter>BulletPhysicsEngine\BulletDynamics\Vehicle</Filter>
    </ClCompile>
    <ClCompile Include="external\include\bullet\BulletDynamics\Vehicle\btWheelInfo.cpp">
      <Filter>BulletPhysicsEngine\BulletDynamics\Vehicle</Filter>
    </ClCompile>
    <ClCompile Include="external\include\bullet\BulletDynamics\MLCPSolvers\btDantzigLCP.cpp">
      <Filter>BulletPhysicsEngine\BulletDynamics\MLCPSolvers</Filter>
    </ClCompile>
    <ClCompile Include="external\include\bullet\BulletDynamics\MLCPSolvers\btLemkeAlgorithm.cpp">
      <Filter>BulletPhysicsEngine\BulletDynamics\MLCPSolvers</Filter>
    </ClCompile>
    <ClCompile Include="external\include\bullet\BulletDynamics\MLCPSolvers\btMLCPSolver.cpp">
      <Filter>BulletPhysicsEngine\BulletDynamics\MLCPSolvers</Filter>
    </ClCompile>
    <ClCompile Include="external\include\bullet\clew\clew.c">
      <Filter>BulletPhysicsEngine\clew</Filter>
    </ClCompile>
    <ClCompile Include="external\include\bullet\LinearMath\btAlignedAllocator.cpp">
      <Filter>BulletPhysicsEngine\LinearMath</Filter>
    </ClCompile>
    <ClCompile Include="external\include\bullet\LinearMath\btConvexHull.cpp">
      <Filter>BulletPhysicsEngine\LinearMath</Filter>
    </ClCompile>
    <ClCompile Include="external\include\bullet\LinearMath\btConvexHullComputer.cpp">
      <Filter>BulletPhysicsEngine\LinearMath</Filter>
    </ClCompile>
    <ClCompile Include="external\include\bullet\LinearMath\btGeometryUtil.cpp">
      <Filter>BulletPhysicsEngine\LinearMath</Filter>
    </ClCompile>
    <ClCompile Include="external\include\bullet\LinearMath\btPolarDecomposition.cpp">
      <Filter>BulletPhysicsEngine\LinearMath</Filter>
    </ClCompile>
    <ClCompile Include="external\include\bullet\LinearMath\btQuickprof.cpp">
      <Filter>BulletPhysicsEngine\LinearMath</Filter>
    </ClCompile>
    <ClCompile Include="external\include\bullet\LinearMath\btSerializer.cpp">
      <Filter>BulletPhysicsEngine\LinearMath</Filter>
    </ClCompile>
    <ClCompile Include="external\include\bullet\LinearMath\btThreads.cpp">
      <Filter>BulletPhysicsEngine\LinearMath</Filter>
    </ClCompile>
    <ClCompile Include="external\include\bullet\LinearMath\btVector3.cpp">
      <Filter>BulletPhysicsEngine\LinearMath</Filter>
    </ClCompile>
    <ClCompile Include="source\gl.cpp">
      <Filter>Source Files\Draw Framework</Filter>
    </ClCompile>
    <ClCompile Include="source\meshLoader.cpp">
      <Filter>Source Files\Draw Framework</Filter>
    </ClCompile>
    <ClCompile Include="source\modelLoader.cpp">
      <Filter>Source Files\Draw Framework</Filter>
    </ClCompile>
    <ClCompile Include="source\shader.cpp">
      <Filter>Source Files\Draw Framework</Filter>
    </ClCompile>
    <ClCompile Include="source\Game.cpp">
      <Filter>Source Files</Filter>
    </ClCompile>
    <ClCompile Include="source\window.cpp">
      <Filter>Source Files</Filter>
    </ClCompile>
    <ClCompile Include="source\raceCar.cpp">
      <Filter>Source Files</Filter>
    </ClCompile>
    <ClCompile Include="source\PhysicsController.cpp">
      <Filter>Source Files</Filter>
    </ClCompile>
    <ClCompile Include="source\QuatCamera.cpp">
      <Filter>Source Files\UTIL</Filter>
    </ClCompile>
  </ItemGroup>
  <ItemGroup>
    <ClCompile Include="source\main.cpp">
      <Filter>Source Files</Filter>
    </ClCompile>
  </ItemGroup>
  <ItemGroup>
    <ClInclude Include="external\include\bullet\btBulletCollisionCommon.h">
      <Filter>BulletPhysicsEngine</Filter>
    </ClInclude>
    <ClInclude Include="external\include\bullet\btBulletDynamicsCommon.h">
      <Filter>BulletPhysicsEngine</Filter>
    </ClInclude>
    <ClInclude Include="external\include\bullet\BulletCollision\BroadphaseCollision\btAxisSweep3.h">
      <Filter>BulletPhysicsEngine\BulletCollision\BroadphaseCollision</Filter>
    </ClInclude>
    <ClInclude Include="external\include\bullet\BulletCollision\BroadphaseCollision\btBroadphaseInterface.h">
      <Filter>BulletPhysicsEngine\BulletCollision\BroadphaseCollision</Filter>
    </ClInclude>
    <ClInclude Include="external\include\bullet\BulletCollision\BroadphaseCollision\btBroadphaseProxy.h">
      <Filter>BulletPhysicsEngine\BulletCollision\BroadphaseCollision</Filter>
    </ClInclude>
    <ClInclude Include="external\include\bullet\BulletCollision\BroadphaseCollision\btCollisionAlgorithm.h">
      <Filter>BulletPhysicsEngine\BulletCollision\BroadphaseCollision</Filter>
    </ClInclude>
    <ClInclude Include="external\include\bullet\BulletCollision\BroadphaseCollision\btDbvt.h">
      <Filter>BulletPhysicsEngine\BulletCollision\BroadphaseCollision</Filter>
    </ClInclude>
    <ClInclude Include="external\include\bullet\BulletCollision\BroadphaseCollision\btDbvtBroadphase.h">
      <Filter>BulletPhysicsEngine\BulletCollision\BroadphaseCollision</Filter>
    </ClInclude>
    <ClInclude Include="external\include\bullet\BulletCollision\BroadphaseCollision\btDispatcher.h">
      <Filter>BulletPhysicsEngine\BulletCollision\BroadphaseCollision</Filter>
    </ClInclude>
    <ClInclude Include="external\include\bullet\BulletCollision\BroadphaseCollision\btOverlappingPairCache.h">
      <Filter>BulletPhysicsEngine\BulletCollision\BroadphaseCollision</Filter>
    </ClInclude>
    <ClInclude Include="external\include\bullet\BulletCollision\BroadphaseCollision\btOverlappingPairCallback.h">
      <Filter>BulletPhysicsEngine\BulletCollision\BroadphaseCollision</Filter>
    </ClInclude>
    <ClInclude Include="external\include\bullet\BulletCollision\BroadphaseCollision\btQuantizedBvh.h">
      <Filter>BulletPhysicsEngine\BulletCollision\BroadphaseCollision</Filter>
    </ClInclude>
    <ClInclude Include="external\include\bullet\BulletCollision\BroadphaseCollision\btSimpleBroadphase.h">
      <Filter>BulletPhysicsEngine\BulletCollision\BroadphaseCollision</Filter>
    </ClInclude>
    <ClInclude Include="external\include\bullet\BulletCollision\CollisionDispatch\btActivatingCollisionAlgorithm.h">
      <Filter>BulletPhysicsEngine\BulletCollision\CollisionDispatch</Filter>
    </ClInclude>
    <ClInclude Include="external\include\bullet\BulletCollision\CollisionDispatch\btBox2dBox2dCollisionAlgorithm.h">
      <Filter>BulletPhysicsEngine\BulletCollision\CollisionDispatch</Filter>
    </ClInclude>
    <ClInclude Include="external\include\bullet\BulletCollision\CollisionDispatch\btBoxBoxCollisionAlgorithm.h">
      <Filter>BulletPhysicsEngine\BulletCollision\CollisionDispatch</Filter>
    </ClInclude>
    <ClInclude Include="external\include\bullet\BulletCollision\CollisionDispatch\btBoxBoxDetector.h">
      <Filter>BulletPhysicsEngine\BulletCollision\CollisionDispatch</Filter>
    </ClInclude>
    <ClInclude Include="external\include\bullet\BulletCollision\CollisionDispatch\btCollisionConfiguration.h">
      <Filter>BulletPhysicsEngine\BulletCollision\CollisionDispatch</Filter>
    </ClInclude>
    <ClInclude Include="external\include\bullet\BulletCollision\CollisionDispatch\btCollisionCreateFunc.h">
      <Filter>BulletPhysicsEngine\BulletCollision\CollisionDispatch</Filter>
    </ClInclude>
    <ClInclude Include="external\include\bullet\BulletCollision\CollisionDispatch\btCollisionDispatcher.h">
      <Filter>BulletPhysicsEngine\BulletCollision\CollisionDispatch</Filter>
    </ClInclude>
    <ClInclude Include="external\include\bullet\BulletCollision\CollisionDispatch\btCollisionObject.h">
      <Filter>BulletPhysicsEngine\BulletCollision\CollisionDispatch</Filter>
    </ClInclude>
    <ClInclude Include="external\include\bullet\BulletCollision\CollisionDispatch\btCollisionObjectWrapper.h">
      <Filter>BulletPhysicsEngine\BulletCollision\CollisionDispatch</Filter>
    </ClInclude>
    <ClInclude Include="external\include\bullet\BulletCollision\CollisionDispatch\btCollisionWorld.h">
      <Filter>BulletPhysicsEngine\BulletCollision\CollisionDispatch</Filter>
    </ClInclude>
    <ClInclude Include="external\include\bullet\BulletCollision\CollisionDispatch\btCollisionWorldImporter.h">
      <Filter>BulletPhysicsEngine\BulletCollision\CollisionDispatch</Filter>
    </ClInclude>
    <ClInclude Include="external\include\bullet\BulletCollision\CollisionDispatch\btCompoundCollisionAlgorithm.h">
      <Filter>BulletPhysicsEngine\BulletCollision\CollisionDispatch</Filter>
    </ClInclude>
    <ClInclude Include="external\include\bullet\BulletCollision\CollisionDispatch\btCompoundCompoundCollisionAlgorithm.h">
      <Filter>BulletPhysicsEngine\BulletCollision\CollisionDispatch</Filter>
    </ClInclude>
    <ClInclude Include="external\include\bullet\BulletCollision\CollisionDispatch\btConvex2dConvex2dAlgorithm.h">
      <Filter>BulletPhysicsEngine\BulletCollision\CollisionDispatch</Filter>
    </ClInclude>
    <ClInclude Include="external\include\bullet\BulletCollision\CollisionDispatch\btConvexConcaveCollisionAlgorithm.h">
      <Filter>BulletPhysicsEngine\BulletCollision\CollisionDispatch</Filter>
    </ClInclude>
    <ClInclude Include="external\include\bullet\BulletCollision\CollisionDispatch\btConvexConvexAlgorithm.h">
      <Filter>BulletPhysicsEngine\BulletCollision\CollisionDispatch</Filter>
    </ClInclude>
    <ClInclude Include="external\include\bullet\BulletCollision\CollisionDispatch\btConvexPlaneCollisionAlgorithm.h">
      <Filter>BulletPhysicsEngine\BulletCollision\CollisionDispatch</Filter>
    </ClInclude>
    <ClInclude Include="external\include\bullet\BulletCollision\CollisionDispatch\btDefaultCollisionConfiguration.h">
      <Filter>BulletPhysicsEngine\BulletCollision\CollisionDispatch</Filter>
    </ClInclude>
    <ClInclude Include="external\include\bullet\BulletCollision\CollisionDispatch\btEmptyCollisionAlgorithm.h">
      <Filter>BulletPhysicsEngine\BulletCollision\CollisionDispatch</Filter>
    </ClInclude>
    <ClInclude Include="external\include\bullet\BulletCollision\CollisionDispatch\btGhostObject.h">
      <Filter>BulletPhysicsEngine\BulletCollision\CollisionDispatch</Filter>
    </ClInclude>
    <ClInclude Include="external\include\bullet\BulletCollision\CollisionDispatch\btHashedSimplePairCache.h">
      <Filter>BulletPhysicsEngine\BulletCollision\CollisionDispatch</Filter>
    </ClInclude>
    <ClInclude Include="external\include\bullet\BulletCollision\CollisionDispatch\btInternalEdgeUtility.h">
      <Filter>BulletPhysicsEngine\BulletCollision\CollisionDispatch</Filter>
    </ClInclude>
    <ClInclude Include="external\include\bullet\BulletCollision\CollisionDispatch\btManifoldResult.h">
      <Filter>BulletPhysicsEngine\BulletCollision\CollisionDispatch</Filter>
    </ClInclude>
    <ClInclude Include="external\include\bullet\BulletCollision\CollisionDispatch\btSimulationIslandManager.h">
      <Filter>BulletPhysicsEngine\BulletCollision\CollisionDispatch</Filter>
    </ClInclude>
    <ClInclude Include="external\include\bullet\BulletCollision\CollisionDispatch\btSphereBoxCollisionAlgorithm.h">
      <Filter>BulletPhysicsEngine\BulletCollision\CollisionDispatch</Filter>
    </ClInclude>
    <ClInclude Include="external\include\bullet\BulletCollision\CollisionDispatch\btSphereSphereCollisionAlgorithm.h">
      <Filter>BulletPhysicsEngine\BulletCollision\CollisionDispatch</Filter>
    </ClInclude>
    <ClInclude Include="external\include\bullet\BulletCollision\CollisionDispatch\btSphereTriangleCollisionAlgorithm.h">
      <Filter>BulletPhysicsEngine\BulletCollision\CollisionDispatch</Filter>
    </ClInclude>
    <ClInclude Include="external\include\bullet\BulletCollision\CollisionDispatch\btUnionFind.h">
      <Filter>BulletPhysicsEngine\BulletCollision\CollisionDispatch</Filter>
    </ClInclude>
    <ClInclude Include="external\include\bullet\BulletCollision\CollisionDispatch\SphereTriangleDetector.h">
      <Filter>BulletPhysicsEngine\BulletCollision\CollisionDispatch</Filter>
    </ClInclude>
    <ClInclude Include="external\include\bullet\BulletCollision\CollisionShapes\btBox2dShape.h">
      <Filter>BulletPhysicsEngine\BulletCollision\CollisionShapes</Filter>
    </ClInclude>
    <ClInclude Include="external\include\bullet\BulletCollision\CollisionShapes\btBoxShape.h">
      <Filter>BulletPhysicsEngine\BulletCollision\CollisionShapes</Filter>
    </ClInclude>
    <ClInclude Include="external\include\bullet\BulletCollision\CollisionShapes\btBvhTriangleMeshShape.h">
      <Filter>BulletPhysicsEngine\BulletCollision\CollisionShapes</Filter>
    </ClInclude>
    <ClInclude Include="external\include\bullet\BulletCollision\CollisionShapes\btCapsuleShape.h">
      <Filter>BulletPhysicsEngine\BulletCollision\CollisionShapes</Filter>
    </ClInclude>
    <ClInclude Include="external\include\bullet\BulletCollision\CollisionShapes\btCollisionMargin.h">
      <Filter>BulletPhysicsEngine\BulletCollision\CollisionShapes</Filter>
    </ClInclude>
    <ClInclude Include="external\include\bullet\BulletCollision\CollisionShapes\btCollisionShape.h">
      <Filter>BulletPhysicsEngine\BulletCollision\CollisionShapes</Filter>
    </ClInclude>
    <ClInclude Include="external\include\bullet\BulletCollision\CollisionShapes\btCompoundShape.h">
      <Filter>BulletPhysicsEngine\BulletCollision\CollisionShapes</Filter>
    </ClInclude>
    <ClInclude Include="external\include\bullet\BulletCollision\CollisionShapes\btConcaveShape.h">
      <Filter>BulletPhysicsEngine\BulletCollision\CollisionShapes</Filter>
    </ClInclude>
    <ClInclude Include="external\include\bullet\BulletCollision\CollisionShapes\btConeShape.h">
      <Filter>BulletPhysicsEngine\BulletCollision\CollisionShapes</Filter>
    </ClInclude>
    <ClInclude Include="external\include\bullet\BulletCollision\CollisionShapes\btConvex2dShape.h">
      <Filter>BulletPhysicsEngine\BulletCollision\CollisionShapes</Filter>
    </ClInclude>
    <ClInclude Include="external\include\bullet\BulletCollision\CollisionShapes\btConvexHullShape.h">
      <Filter>BulletPhysicsEngine\BulletCollision\CollisionShapes</Filter>
    </ClInclude>
    <ClInclude Include="external\include\bullet\BulletCollision\CollisionShapes\btConvexInternalShape.h">
      <Filter>BulletPhysicsEngine\BulletCollision\CollisionShapes</Filter>
    </ClInclude>
    <ClInclude Include="external\include\bullet\BulletCollision\CollisionShapes\btConvexPointCloudShape.h">
      <Filter>BulletPhysicsEngine\BulletCollision\CollisionShapes</Filter>
    </ClInclude>
    <ClInclude Include="external\include\bullet\BulletCollision\CollisionShapes\btConvexPolyhedron.h">
      <Filter>BulletPhysicsEngine\BulletCollision\CollisionShapes</Filter>
    </ClInclude>
    <ClInclude Include="external\include\bullet\BulletCollision\CollisionShapes\btConvexShape.h">
      <Filter>BulletPhysicsEngine\BulletCollision\CollisionShapes</Filter>
    </ClInclude>
    <ClInclude Include="external\include\bullet\BulletCollision\CollisionShapes\btConvexTriangleMeshShape.h">
      <Filter>BulletPhysicsEngine\BulletCollision\CollisionShapes</Filter>
    </ClInclude>
    <ClInclude Include="external\include\bullet\BulletCollision\CollisionShapes\btCylinderShape.h">
      <Filter>BulletPhysicsEngine\BulletCollision\CollisionShapes</Filter>
    </ClInclude>
    <ClInclude Include="external\include\bullet\BulletCollision\CollisionShapes\btEmptyShape.h">
      <Filter>BulletPhysicsEngine\BulletCollision\CollisionShapes</Filter>
    </ClInclude>
    <ClInclude Include="external\include\bullet\BulletCollision\CollisionShapes\btHeightfieldTerrainShape.h">
      <Filter>BulletPhysicsEngine\BulletCollision\CollisionShapes</Filter>
    </ClInclude>
    <ClInclude Include="external\include\bullet\BulletCollision\CollisionShapes\btMaterial.h">
      <Filter>BulletPhysicsEngine\BulletCollision\CollisionShapes</Filter>
    </ClInclude>
    <ClInclude Include="external\include\bullet\BulletCollision\CollisionShapes\btMinkowskiSumShape.h">
      <Filter>BulletPhysicsEngine\BulletCollision\CollisionShapes</Filter>
    </ClInclude>
    <ClInclude Include="external\include\bullet\BulletCollision\CollisionShapes\btMultimaterialTriangleMeshShape.h">
      <Filter>BulletPhysicsEngine\BulletCollision\CollisionShapes</Filter>
    </ClInclude>
    <ClInclude Include="external\include\bullet\BulletCollision\CollisionShapes\btMultiSphereShape.h">
      <Filter>BulletPhysicsEngine\BulletCollision\CollisionShapes</Filter>
    </ClInclude>
    <ClInclude Include="external\include\bullet\BulletCollision\CollisionShapes\btOptimizedBvh.h">
      <Filter>BulletPhysicsEngine\BulletCollision\CollisionShapes</Filter>
    </ClInclude>
    <ClInclude Include="external\include\bullet\BulletCollision\CollisionShapes\btPolyhedralConvexShape.h">
      <Filter>BulletPhysicsEngine\BulletCollision\CollisionShapes</Filter>
    </ClInclude>
    <ClInclude Include="external\include\bullet\BulletCollision\CollisionShapes\btScaledBvhTriangleMeshShape.h">
      <Filter>BulletPhysicsEngine\BulletCollision\CollisionShapes</Filter>
    </ClInclude>
    <ClInclude Include="external\include\bullet\BulletCollision\CollisionShapes\btShapeHull.h">
      <Filter>BulletPhysicsEngine\BulletCollision\CollisionShapes</Filter>
    </ClInclude>
    <ClInclude Include="external\include\bullet\BulletCollision\CollisionShapes\btSphereShape.h">
      <Filter>BulletPhysicsEngine\BulletCollision\CollisionShapes</Filter>
    </ClInclude>
    <ClInclude Include="external\include\bullet\BulletCollision\CollisionShapes\btStaticPlaneShape.h">
      <Filter>BulletPhysicsEngine\BulletCollision\CollisionShapes</Filter>
    </ClInclude>
    <ClInclude Include="external\include\bullet\BulletCollision\CollisionShapes\btStridingMeshInterface.h">
      <Filter>BulletPhysicsEngine\BulletCollision\CollisionShapes</Filter>
    </ClInclude>
    <ClInclude Include="external\include\bullet\BulletCollision\CollisionShapes\btTetrahedronShape.h">
      <Filter>BulletPhysicsEngine\BulletCollision\CollisionShapes</Filter>
    </ClInclude>
    <ClInclude Include="external\include\bullet\BulletCollision\CollisionShapes\btTriangleBuffer.h">
      <Filter>BulletPhysicsEngine\BulletCollision\CollisionShapes</Filter>
    </ClInclude>
    <ClInclude Include="external\include\bullet\BulletCollision\CollisionShapes\btTriangleCallback.h">
      <Filter>BulletPhysicsEngine\BulletCollision\CollisionShapes</Filter>
    </ClInclude>
    <ClInclude Include="external\include\bullet\BulletCollision\CollisionShapes\btTriangleIndexVertexArray.h">
      <Filter>BulletPhysicsEngine\BulletCollision\CollisionShapes</Filter>
    </ClInclude>
    <ClInclude Include="external\include\bullet\BulletCollision\CollisionShapes\btTriangleIndexVertexMaterialArray.h">
      <Filter>BulletPhysicsEngine\BulletCollision\CollisionShapes</Filter>
    </ClInclude>
    <ClInclude Include="external\include\bullet\BulletCollision\CollisionShapes\btTriangleInfoMap.h">
      <Filter>BulletPhysicsEngine\BulletCollision\CollisionShapes</Filter>
    </ClInclude>
    <ClInclude Include="external\include\bullet\BulletCollision\CollisionShapes\btTriangleMesh.h">
      <Filter>BulletPhysicsEngine\BulletCollision\CollisionShapes</Filter>
    </ClInclude>
    <ClInclude Include="external\include\bullet\BulletCollision\CollisionShapes\btTriangleMeshShape.h">
      <Filter>BulletPhysicsEngine\BulletCollision\CollisionShapes</Filter>
    </ClInclude>
    <ClInclude Include="external\include\bullet\BulletCollision\CollisionShapes\btTriangleShape.h">
      <Filter>BulletPhysicsEngine\BulletCollision\CollisionShapes</Filter>
    </ClInclude>
    <ClInclude Include="external\include\bullet\BulletCollision\CollisionShapes\btUniformScalingShape.h">
      <Filter>BulletPhysicsEngine\BulletCollision\CollisionShapes</Filter>
    </ClInclude>
    <ClInclude Include="external\include\bullet\BulletCollision\Gimpact\btBoxCollision.h">
      <Filter>BulletPhysicsEngine\BulletCollision\Gimpact</Filter>
    </ClInclude>
    <ClInclude Include="external\include\bullet\BulletCollision\Gimpact\btClipPolygon.h">
      <Filter>BulletPhysicsEngine\BulletCollision\Gimpact</Filter>
    </ClInclude>
    <ClInclude Include="external\include\bullet\BulletCollision\Gimpact\btCompoundFromGimpact.h">
      <Filter>BulletPhysicsEngine\BulletCollision\Gimpact</Filter>
    </ClInclude>
    <ClInclude Include="external\include\bullet\BulletCollision\Gimpact\btContactProcessing.h">
      <Filter>BulletPhysicsEngine\BulletCollision\Gimpact</Filter>
    </ClInclude>
    <ClInclude Include="external\include\bullet\BulletCollision\Gimpact\btGenericPoolAllocator.h">
      <Filter>BulletPhysicsEngine\BulletCollision\Gimpact</Filter>
    </ClInclude>
    <ClInclude Include="external\include\bullet\BulletCollision\Gimpact\btGeometryOperations.h">
      <Filter>BulletPhysicsEngine\BulletCollision\Gimpact</Filter>
    </ClInclude>
    <ClInclude Include="external\include\bullet\BulletCollision\Gimpact\btGImpactBvh.h">
      <Filter>BulletPhysicsEngine\BulletCollision\Gimpact</Filter>
    </ClInclude>
    <ClInclude Include="external\include\bullet\BulletCollision\Gimpact\btGImpactCollisionAlgorithm.h">
      <Filter>BulletPhysicsEngine\BulletCollision\Gimpact</Filter>
    </ClInclude>
    <ClInclude Include="external\include\bullet\BulletCollision\Gimpact\btGImpactMassUtil.h">
      <Filter>BulletPhysicsEngine\BulletCollision\Gimpact</Filter>
    </ClInclude>
    <ClInclude Include="external\include\bullet\BulletCollision\Gimpact\btGImpactQuantizedBvh.h">
      <Filter>BulletPhysicsEngine\BulletCollision\Gimpact</Filter>
    </ClInclude>
    <ClInclude Include="external\include\bullet\BulletCollision\Gimpact\btGImpactShape.h">
      <Filter>BulletPhysicsEngine\BulletCollision\Gimpact</Filter>
    </ClInclude>
    <ClInclude Include="external\include\bullet\BulletCollision\Gimpact\btQuantization.h">
      <Filter>BulletPhysicsEngine\BulletCollision\Gimpact</Filter>
    </ClInclude>
    <ClInclude Include="external\include\bullet\BulletCollision\Gimpact\btTriangleShapeEx.h">
      <Filter>BulletPhysicsEngine\BulletCollision\Gimpact</Filter>
    </ClInclude>
    <ClInclude Include="external\include\bullet\BulletCollision\Gimpact\gim_array.h">
      <Filter>BulletPhysicsEngine\BulletCollision\Gimpact</Filter>
    </ClInclude>
    <ClInclude Include="external\include\bullet\BulletCollision\Gimpact\gim_basic_geometry_operations.h">
      <Filter>BulletPhysicsEngine\BulletCollision\Gimpact</Filter>
    </ClInclude>
    <ClInclude Include="external\include\bullet\BulletCollision\Gimpact\gim_bitset.h">
      <Filter>BulletPhysicsEngine\BulletCollision\Gimpact</Filter>
    </ClInclude>
    <ClInclude Include="external\include\bullet\BulletCollision\Gimpact\gim_box_collision.h">
      <Filter>BulletPhysicsEngine\BulletCollision\Gimpact</Filter>
    </ClInclude>
    <ClInclude Include="external\include\bullet\BulletCollision\Gimpact\gim_box_set.h">
      <Filter>BulletPhysicsEngine\BulletCollision\Gimpact</Filter>
    </ClInclude>
    <ClInclude Include="external\include\bullet\BulletCollision\Gimpact\gim_clip_polygon.h">
      <Filter>BulletPhysicsEngine\BulletCollision\Gimpact</Filter>
    </ClInclude>
    <ClInclude Include="external\include\bullet\BulletCollision\Gimpact\gim_contact.h">
      <Filter>BulletPhysicsEngine\BulletCollision\Gimpact</Filter>
    </ClInclude>
    <ClInclude Include="external\include\bullet\BulletCollision\Gimpact\gim_geom_types.h">
      <Filter>BulletPhysicsEngine\BulletCollision\Gimpact</Filter>
    </ClInclude>
    <ClInclude Include="external\include\bullet\BulletCollision\Gimpact\gim_geometry.h">
      <Filter>BulletPhysicsEngine\BulletCollision\Gimpact</Filter>
    </ClInclude>
    <ClInclude Include="external\include\bullet\BulletCollision\Gimpact\gim_hash_table.h">
      <Filter>BulletPhysicsEngine\BulletCollision\Gimpact</Filter>
    </ClInclude>
    <ClInclude Include="external\include\bullet\BulletCollision\Gimpact\gim_linear_math.h">
      <Filter>BulletPhysicsEngine\BulletCollision\Gimpact</Filter>
    </ClInclude>
    <ClInclude Include="external\include\bullet\BulletCollision\Gimpact\gim_math.h">
      <Filter>BulletPhysicsEngine\BulletCollision\Gimpact</Filter>
    </ClInclude>
    <ClInclude Include="external\include\bullet\BulletCollision\Gimpact\gim_memory.h">
      <Filter>BulletPhysicsEngine\BulletCollision\Gimpact</Filter>
    </ClInclude>
    <ClInclude Include="external\include\bullet\BulletCollision\Gimpact\gim_radixsort.h">
      <Filter>BulletPhysicsEngine\BulletCollision\Gimpact</Filter>
    </ClInclude>
    <ClInclude Include="external\include\bullet\BulletCollision\Gimpact\gim_tri_collision.h">
      <Filter>BulletPhysicsEngine\BulletCollision\Gimpact</Filter>
    </ClInclude>
    <ClInclude Include="external\include\bullet\BulletCollision\NarrowPhaseCollision\btComputeGjkEpaPenetration.h">
      <Filter>BulletPhysicsEngine\BulletCollision\NarrowPhaseCollision</Filter>
    </ClInclude>
    <ClInclude Include="external\include\bullet\BulletCollision\NarrowPhaseCollision\btContinuousConvexCollision.h">
      <Filter>BulletPhysicsEngine\BulletCollision\NarrowPhaseCollision</Filter>
    </ClInclude>
    <ClInclude Include="external\include\bullet\BulletCollision\NarrowPhaseCollision\btConvexCast.h">
      <Filter>BulletPhysicsEngine\BulletCollision\NarrowPhaseCollision</Filter>
    </ClInclude>
    <ClInclude Include="external\include\bullet\BulletCollision\NarrowPhaseCollision\btConvexPenetrationDepthSolver.h">
      <Filter>BulletPhysicsEngine\BulletCollision\NarrowPhaseCollision</Filter>
    </ClInclude>
    <ClInclude Include="external\include\bullet\BulletCollision\NarrowPhaseCollision\btDiscreteCollisionDetectorInterface.h">
      <Filter>BulletPhysicsEngine\BulletCollision\NarrowPhaseCollision</Filter>
    </ClInclude>
    <ClInclude Include="external\include\bullet\BulletCollision\NarrowPhaseCollision\btGjkCollisionDescription.h">
      <Filter>BulletPhysicsEngine\BulletCollision\NarrowPhaseCollision</Filter>
    </ClInclude>
    <ClInclude Include="external\include\bullet\BulletCollision\NarrowPhaseCollision\btGjkConvexCast.h">
      <Filter>BulletPhysicsEngine\BulletCollision\NarrowPhaseCollision</Filter>
    </ClInclude>
    <ClInclude Include="external\include\bullet\BulletCollision\NarrowPhaseCollision\btGjkEpa2.h">
      <Filter>BulletPhysicsEngine\BulletCollision\NarrowPhaseCollision</Filter>
    </ClInclude>
    <ClInclude Include="external\include\bullet\BulletCollision\NarrowPhaseCollision\btGjkEpa3.h">
      <Filter>BulletPhysicsEngine\BulletCollision\NarrowPhaseCollision</Filter>
    </ClInclude>
    <ClInclude Include="external\include\bullet\BulletCollision\NarrowPhaseCollision\btGjkEpaPenetrationDepthSolver.h">
      <Filter>BulletPhysicsEngine\BulletCollision\NarrowPhaseCollision</Filter>
    </ClInclude>
    <ClInclude Include="external\include\bullet\BulletCollision\NarrowPhaseCollision\btGjkPairDetector.h">
      <Filter>BulletPhysicsEngine\BulletCollision\NarrowPhaseCollision</Filter>
    </ClInclude>
    <ClInclude Include="external\include\bullet\BulletCollision\NarrowPhaseCollision\btManifoldPoint.h">
      <Filter>BulletPhysicsEngine\BulletCollision\NarrowPhaseCollision</Filter>
    </ClInclude>
    <ClInclude Include="external\include\bullet\BulletCollision\NarrowPhaseCollision\btMinkowskiPenetrationDepthSolver.h">
      <Filter>BulletPhysicsEngine\BulletCollision\NarrowPhaseCollision</Filter>
    </ClInclude>
    <ClInclude Include="external\include\bullet\BulletCollision\NarrowPhaseCollision\btMprPenetration.h">
      <Filter>BulletPhysicsEngine\BulletCollision\NarrowPhaseCollision</Filter>
    </ClInclude>
    <ClInclude Include="external\include\bullet\BulletCollision\NarrowPhaseCollision\btPersistentManifold.h">
      <Filter>BulletPhysicsEngine\BulletCollision\NarrowPhaseCollision</Filter>
    </ClInclude>
    <ClInclude Include="external\include\bullet\BulletCollision\NarrowPhaseCollision\btPointCollector.h">
      <Filter>BulletPhysicsEngine\BulletCollision\NarrowPhaseCollision</Filter>
    </ClInclude>
    <ClInclude Include="external\include\bullet\BulletCollision\NarrowPhaseCollision\btPolyhedralContactClipping.h">
      <Filter>BulletPhysicsEngine\BulletCollision\NarrowPhaseCollision</Filter>
    </ClInclude>
    <ClInclude Include="external\include\bullet\BulletCollision\NarrowPhaseCollision\btRaycastCallback.h">
      <Filter>BulletPhysicsEngine\BulletCollision\NarrowPhaseCollision</Filter>
    </ClInclude>
    <ClInclude Include="external\include\bullet\BulletCollision\NarrowPhaseCollision\btsimplexsolverinterface.h">
      <Filter>BulletPhysicsEngine\BulletCollision\NarrowPhaseCollision</Filter>
    </ClInclude>
    <ClInclude Include="external\include\bullet\BulletCollision\NarrowPhaseCollision\btSubSimplexConvexCast.h">
      <Filter>BulletPhysicsEngine\BulletCollision\NarrowPhaseCollision</Filter>
    </ClInclude>
    <ClInclude Include="external\include\bullet\BulletCollision\NarrowPhaseCollision\btVoronoiSimplexSolver.h">
      <Filter>BulletPhysicsEngine\BulletCollision\NarrowPhaseCollision</Filter>
    </ClInclude>
    <ClInclude Include="external\include\bullet\BulletDynamics\Character\btCharacterControllerInterface.h">
      <Filter>BulletPhysicsEngine\BulletDynamics\Character</Filter>
    </ClInclude>
    <ClInclude Include="external\include\bullet\BulletDynamics\Character\btKinematicCharacterController.h">
      <Filter>BulletPhysicsEngine\BulletDynamics\Character</Filter>
    </ClInclude>
    <ClInclude Include="external\include\bullet\BulletDynamics\ConstraintSolver\btConeTwistConstraint.h">
      <Filter>BulletPhysicsEngine\BulletDynamics\ConstraintSolver</Filter>
    </ClInclude>
    <ClInclude Include="external\include\bullet\BulletDynamics\ConstraintSolver\btConstraintSolver.h">
      <Filter>BulletPhysicsEngine\BulletDynamics\ConstraintSolver</Filter>
    </ClInclude>
    <ClInclude Include="external\include\bullet\BulletDynamics\ConstraintSolver\btContactConstraint.h">
      <Filter>BulletPhysicsEngine\BulletDynamics\ConstraintSolver</Filter>
    </ClInclude>
    <ClInclude Include="external\include\bullet\BulletDynamics\ConstraintSolver\btContactSolverInfo.h">
      <Filter>BulletPhysicsEngine\BulletDynamics\ConstraintSolver</Filter>
    </ClInclude>
    <ClInclude Include="external\include\bullet\BulletDynamics\ConstraintSolver\btFixedConstraint.h">
      <Filter>BulletPhysicsEngine\BulletDynamics\ConstraintSolver</Filter>
    </ClInclude>
    <ClInclude Include="external\include\bullet\BulletDynamics\ConstraintSolver\btGearConstraint.h">
      <Filter>BulletPhysicsEngine\BulletDynamics\ConstraintSolver</Filter>
    </ClInclude>
    <ClInclude Include="external\include\bullet\BulletDynamics\ConstraintSolver\btGeneric6DofConstraint.h">
      <Filter>BulletPhysicsEngine\BulletDynamics\ConstraintSolver</Filter>
    </ClInclude>
    <ClInclude Include="external\include\bullet\BulletDynamics\ConstraintSolver\btGeneric6DofSpring2Constraint.h">
      <Filter>BulletPhysicsEngine\BulletDynamics\ConstraintSolver</Filter>
    </ClInclude>
    <ClInclude Include="external\include\bullet\BulletDynamics\ConstraintSolver\btGeneric6DofSpringConstraint.h">
      <Filter>BulletPhysicsEngine\BulletDynamics\ConstraintSolver</Filter>
    </ClInclude>
    <ClInclude Include="external\include\bullet\BulletDynamics\ConstraintSolver\btHinge2Constraint.h">
      <Filter>BulletPhysicsEngine\BulletDynamics\ConstraintSolver</Filter>
    </ClInclude>
    <ClInclude Include="external\include\bullet\BulletDynamics\ConstraintSolver\btHingeConstraint.h">
      <Filter>BulletPhysicsEngine\BulletDynamics\ConstraintSolver</Filter>
    </ClInclude>
    <ClInclude Include="external\include\bullet\BulletDynamics\ConstraintSolver\btJacobianEntry.h">
      <Filter>BulletPhysicsEngine\BulletDynamics\ConstraintSolver</Filter>
    </ClInclude>
    <ClInclude Include="external\include\bullet\BulletDynamics\ConstraintSolver\btNNCGConstraintSolver.h">
      <Filter>BulletPhysicsEngine\BulletDynamics\ConstraintSolver</Filter>
    </ClInclude>
    <ClInclude Include="external\include\bullet\BulletDynamics\ConstraintSolver\btPoint2PointConstraint.h">
      <Filter>BulletPhysicsEngine\BulletDynamics\ConstraintSolver</Filter>
    </ClInclude>
    <ClInclude Include="external\include\bullet\BulletDynamics\ConstraintSolver\btSequentialImpulseConstraintSolver.h">
      <Filter>BulletPhysicsEngine\BulletDynamics\ConstraintSolver</Filter>
    </ClInclude>
    <ClInclude Include="external\include\bullet\BulletDynamics\ConstraintSolver\btSliderConstraint.h">
      <Filter>BulletPhysicsEngine\BulletDynamics\ConstraintSolver</Filter>
    </ClInclude>
    <ClInclude Include="external\include\bullet\BulletDynamics\ConstraintSolver\btSolve2LinearConstraint.h">
      <Filter>BulletPhysicsEngine\BulletDynamics\ConstraintSolver</Filter>
    </ClInclude>
    <ClInclude Include="external\include\bullet\BulletDynamics\ConstraintSolver\btSolverBody.h">
      <Filter>BulletPhysicsEngine\BulletDynamics\ConstraintSolver</Filter>
    </ClInclude>
    <ClInclude Include="external\include\bullet\BulletDynamics\ConstraintSolver\btSolverConstraint.h">
      <Filter>BulletPhysicsEngine\BulletDynamics\ConstraintSolver</Filter>
    </ClInclude>
    <ClInclude Include="external\include\bullet\BulletDynamics\ConstraintSolver\btTypedConstraint.h">
      <Filter>BulletPhysicsEngine\BulletDynamics\ConstraintSolver</Filter>
    </ClInclude>
    <ClInclude Include="external\include\bullet\BulletDynamics\ConstraintSolver\btUniversalConstraint.h">
      <Filter>BulletPhysicsEngine\BulletDynamics\ConstraintSolver</Filter>
    </ClInclude>
    <ClInclude Include="external\include\bullet\BulletDynamics\Dynamics\btActionInterface.h">
      <Filter>BulletPhysicsEngine\BulletDynamics\Dynamics</Filter>
    </ClInclude>
    <ClInclude Include="external\include\bullet\BulletDynamics\Dynamics\btDiscreteDynamicsWorld.h">
      <Filter>BulletPhysicsEngine\BulletDynamics\Dynamics</Filter>
    </ClInclude>
    <ClInclude Include="external\include\bullet\BulletDynamics\Dynamics\btDiscreteDynamicsWorldMt.h">
      <Filter>BulletPhysicsEngine\BulletDynamics\Dynamics</Filter>
    </ClInclude>
    <ClInclude Include="external\include\bullet\BulletDynamics\Dynamics\btDynamicsWorld.h">
      <Filter>BulletPhysicsEngine\BulletDynamics\Dynamics</Filter>
    </ClInclude>
    <ClInclude Include="external\include\bullet\BulletDynamics\Dynamics\btRigidBody.h">
      <Filter>BulletPhysicsEngine\BulletDynamics\Dynamics</Filter>
    </ClInclude>
    <ClInclude Include="external\include\bullet\BulletDynamics\Dynamics\btSimpleDynamicsWorld.h">
      <Filter>BulletPhysicsEngine\BulletDynamics\Dynamics</Filter>
    </ClInclude>
    <ClInclude Include="external\include\bullet\BulletDynamics\Dynamics\btSimulationIslandManagerMt.h">
      <Filter>BulletPhysicsEngine\BulletDynamics\Dynamics</Filter>
    </ClInclude>
    <ClInclude Include="external\include\bullet\BulletDynamics\Featherstone\btMultiBody.h">
      <Filter>BulletPhysicsEngine\BulletDynamics\Featherstone</Filter>
    </ClInclude>
    <ClInclude Include="external\include\bullet\BulletDynamics\Featherstone\btMultiBodyConstraint.h">
      <Filter>BulletPhysicsEngine\BulletDynamics\Featherstone</Filter>
    </ClInclude>
    <ClInclude Include="external\include\bullet\BulletDynamics\Featherstone\btMultiBodyConstraintSolver.h">
      <Filter>BulletPhysicsEngine\BulletDynamics\Featherstone</Filter>
    </ClInclude>
    <ClInclude Include="external\include\bullet\BulletDynamics\Featherstone\btMultiBodyDynamicsWorld.h">
      <Filter>BulletPhysicsEngine\BulletDynamics\Featherstone</Filter>
    </ClInclude>
    <ClInclude Include="external\include\bullet\BulletDynamics\Featherstone\btMultiBodyFixedConstraint.h">
      <Filter>BulletPhysicsEngine\BulletDynamics\Featherstone</Filter>
    </ClInclude>
    <ClInclude Include="external\include\bullet\BulletDynamics\Featherstone\btMultiBodyJointFeedback.h">
      <Filter>BulletPhysicsEngine\BulletDynamics\Featherstone</Filter>
    </ClInclude>
    <ClInclude Include="external\include\bullet\BulletDynamics\Featherstone\btMultiBodyJointLimitConstraint.h">
      <Filter>BulletPhysicsEngine\BulletDynamics\Featherstone</Filter>
    </ClInclude>
    <ClInclude Include="external\include\bullet\BulletDynamics\Featherstone\btMultiBodyJointMotor.h">
      <Filter>BulletPhysicsEngine\BulletDynamics\Featherstone</Filter>
    </ClInclude>
    <ClInclude Include="external\include\bullet\BulletDynamics\Featherstone\btMultiBodyLink.h">
      <Filter>BulletPhysicsEngine\BulletDynamics\Featherstone</Filter>
    </ClInclude>
    <ClInclude Include="external\include\bullet\BulletDynamics\Featherstone\btMultiBodyLinkCollider.h">
      <Filter>BulletPhysicsEngine\BulletDynamics\Featherstone</Filter>
    </ClInclude>
    <ClInclude Include="external\include\bullet\BulletDynamics\Featherstone\btMultiBodyPoint2Point.h">
      <Filter>BulletPhysicsEngine\BulletDynamics\Featherstone</Filter>
    </ClInclude>
    <ClInclude Include="external\include\bullet\BulletDynamics\Featherstone\btMultiBodySliderConstraint.h">
      <Filter>BulletPhysicsEngine\BulletDynamics\Featherstone</Filter>
    </ClInclude>
    <ClInclude Include="external\include\bullet\BulletDynamics\Featherstone\btMultiBodySolverConstraint.h">
      <Filter>BulletPhysicsEngine\BulletDynamics\Featherstone</Filter>
    </ClInclude>
    <ClInclude Include="external\include\bullet\BulletDynamics\Vehicle\btRaycastVehicle.h">
      <Filter>BulletPhysicsEngine\BulletDynamics\Vehicle</Filter>
    </ClInclude>
    <ClInclude Include="external\include\bullet\BulletDynamics\Vehicle\btVehicleRaycaster.h">
      <Filter>BulletPhysicsEngine\BulletDynamics\Vehicle</Filter>
    </ClInclude>
    <ClInclude Include="external\include\bullet\BulletDynamics\Vehicle\btWheelInfo.h">
      <Filter>BulletPhysicsEngine\BulletDynamics\Vehicle</Filter>
    </ClInclude>
    <ClInclude Include="external\include\bullet\BulletDynamics\MLCPSolvers\btDantzigLCP.h">
      <Filter>BulletPhysicsEngine\BulletDynamics\MLCPSolvers</Filter>
    </ClInclude>
    <ClInclude Include="external\include\bullet\BulletDynamics\MLCPSolvers\btDantzigSolver.h">
      <Filter>BulletPhysicsEngine\BulletDynamics\MLCPSolvers</Filter>
    </ClInclude>
    <ClInclude Include="external\include\bullet\BulletDynamics\MLCPSolvers\btLemkeAlgorithm.h">
      <Filter>BulletPhysicsEngine\BulletDynamics\MLCPSolvers</Filter>
    </ClInclude>
    <ClInclude Include="external\include\bullet\BulletDynamics\MLCPSolvers\btLemkeSolver.h">
      <Filter>BulletPhysicsEngine\BulletDynamics\MLCPSolvers</Filter>
    </ClInclude>
    <ClInclude Include="external\include\bullet\BulletDynamics\MLCPSolvers\btMLCPSolver.h">
      <Filter>BulletPhysicsEngine\BulletDynamics\MLCPSolvers</Filter>
    </ClInclude>
    <ClInclude Include="external\include\bullet\BulletDynamics\MLCPSolvers\btMLCPSolverInterface.h">
      <Filter>BulletPhysicsEngine\BulletDynamics\MLCPSolvers</Filter>
    </ClInclude>
    <ClInclude Include="external\include\bullet\BulletDynamics\MLCPSolvers\btPATHSolver.h">
      <Filter>BulletPhysicsEngine\BulletDynamics\MLCPSolvers</Filter>
    </ClInclude>
    <ClInclude Include="external\include\bullet\BulletDynamics\MLCPSolvers\btSolveProjectedGaussSeidel.h">
      <Filter>BulletPhysicsEngine\BulletDynamics\MLCPSolvers</Filter>
    </ClInclude>
    <ClInclude Include="external\include\bullet\clew\clew.h">
      <Filter>BulletPhysicsEngine\clew</Filter>
    </ClInclude>
    <ClInclude Include="external\include\bullet\LinearMath\btAabbUtil2.h">
      <Filter>BulletPhysicsEngine\LinearMath</Filter>
    </ClInclude>
    <ClInclude Include="external\include\bullet\LinearMath\btAlignedAllocator.h">
      <Filter>BulletPhysicsEngine\LinearMath</Filter>
    </ClInclude>
    <ClInclude Include="external\include\bullet\LinearMath\btAlignedObjectArray.h">
      <Filter>BulletPhysicsEngine\LinearMath</Filter>
    </ClInclude>
    <ClInclude Include="external\include\bullet\LinearMath\btConvexHull.h">
      <Filter>BulletPhysicsEngine\LinearMath</Filter>
    </ClInclude>
    <ClInclude Include="external\include\bullet\LinearMath\btConvexHullComputer.h">
      <Filter>BulletPhysicsEngine\LinearMath</Filter>
    </ClInclude>
    <ClInclude Include="external\include\bullet\LinearMath\btCpuFeatureUtility.h">
      <Filter>BulletPhysicsEngine\LinearMath</Filter>
    </ClInclude>
    <ClInclude Include="external\include\bullet\LinearMath\btDefaultMotionState.h">
      <Filter>BulletPhysicsEngine\LinearMath</Filter>
    </ClInclude>
    <ClInclude Include="external\include\bullet\LinearMath\btGeometryUtil.h">
      <Filter>BulletPhysicsEngine\LinearMath</Filter>
    </ClInclude>
    <ClInclude Include="external\include\bullet\LinearMath\btGrahamScan2dConvexHull.h">
      <Filter>BulletPhysicsEngine\LinearMath</Filter>
    </ClInclude>
    <ClInclude Include="external\include\bullet\LinearMath\btHashMap.h">
      <Filter>BulletPhysicsEngine\LinearMath</Filter>
    </ClInclude>
    <ClInclude Include="external\include\bullet\LinearMath\btIDebugDraw.h">
      <Filter>BulletPhysicsEngine\LinearMath</Filter>
    </ClInclude>
    <ClInclude Include="external\include\bullet\LinearMath\btList.h">
      <Filter>BulletPhysicsEngine\LinearMath</Filter>
    </ClInclude>
    <ClInclude Include="external\include\bullet\LinearMath\btMatrix3x3.h">
      <Filter>BulletPhysicsEngine\LinearMath</Filter>
    </ClInclude>
    <ClInclude Include="external\include\bullet\LinearMath\btMatrixX.h">
      <Filter>BulletPhysicsEngine\LinearMath</Filter>
    </ClInclude>
    <ClInclude Include="external\include\bullet\LinearMath\btMinMax.h">
      <Filter>BulletPhysicsEngine\LinearMath</Filter>
    </ClInclude>
    <ClInclude Include="external\include\bullet\LinearMath\btMotionState.h">
      <Filter>BulletPhysicsEngine\LinearMath</Filter>
    </ClInclude>
    <ClInclude Include="external\include\bullet\LinearMath\btPolarDecomposition.h">
      <Filter>BulletPhysicsEngine\LinearMath</Filter>
    </ClInclude>
    <ClInclude Include="external\include\bullet\LinearMath\btPoolAllocator.h">
      <Filter>BulletPhysicsEngine\LinearMath</Filter>
    </ClInclude>
    <ClInclude Include="external\include\bullet\LinearMath\btQuadWord.h">
      <Filter>BulletPhysicsEngine\LinearMath</Filter>
    </ClInclude>
    <ClInclude Include="external\include\bullet\LinearMath\btQuaternion.h">
      <Filter>BulletPhysicsEngine\LinearMath</Filter>
    </ClInclude>
    <ClInclude Include="external\include\bullet\LinearMath\btQuickprof.h">
      <Filter>BulletPhysicsEngine\LinearMath</Filter>
    </ClInclude>
    <ClInclude Include="external\include\bullet\LinearMath\btRandom.h">
      <Filter>BulletPhysicsEngine\LinearMath</Filter>
    </ClInclude>
    <ClInclude Include="external\include\bullet\LinearMath\btScalar.h">
      <Filter>BulletPhysicsEngine\LinearMath</Filter>
    </ClInclude>
    <ClInclude Include="external\include\bullet\LinearMath\btSerializer.h">
      <Filter>BulletPhysicsEngine\LinearMath</Filter>
    </ClInclude>
    <ClInclude Include="external\include\bullet\LinearMath\btSpatialAlgebra.h">
      <Filter>BulletPhysicsEngine\LinearMath</Filter>
    </ClInclude>
    <ClInclude Include="external\include\bullet\LinearMath\btStackAlloc.h">
      <Filter>BulletPhysicsEngine\LinearMath</Filter>
    </ClInclude>
    <ClInclude Include="external\include\bullet\LinearMath\btThreads.h">
      <Filter>BulletPhysicsEngine\LinearMath</Filter>
    </ClInclude>
    <ClInclude Include="external\include\bullet\LinearMath\btTransform.h">
      <Filter>BulletPhysicsEngine\LinearMath</Filter>
    </ClInclude>
    <ClInclude Include="external\include\bullet\LinearMath\btTransformUtil.h">
      <Filter>BulletPhysicsEngine\LinearMath</Filter>
    </ClInclude>
    <ClInclude Include="external\include\bullet\LinearMath\btVector3.h">
      <Filter>BulletPhysicsEngine\LinearMath</Filter>
    </ClInclude>
    <ClInclude Include="include\gl.hpp">
      <Filter>Header Files\Draw Framework</Filter>
    </ClInclude>
    <ClInclude Include="include\meshLoader.h">
      <Filter>Header Files\Draw Framework</Filter>
    </ClInclude>
    <ClInclude Include="include\modelLoader.h">
      <Filter>Header Files\Draw Framework</Filter>
    </ClInclude>
    <ClInclude Include="include\shader.h">
      <Filter>Header Files\Draw Framework</Filter>
    </ClInclude>
    <ClInclude Include="include\game.h">
      <Filter>Header Files</Filter>
    </ClInclude>
    <ClInclude Include="include\logger.h">
      <Filter>Header Files\UTIL</Filter>
    </ClInclude>
    <ClInclude Include="include\window.h">
      <Filter>Header Files</Filter>
    </ClInclude>
    <ClInclude Include="include\raceCar.h">
      <Filter>Header Files</Filter>
    </ClInclude>
    <ClInclude Include="include\PhysicsController.h">
      <Filter>Header Files</Filter>
    </ClInclude>
    <ClInclude Include="include\QuatCamera.h">
      <Filter>Header Files\UTIL</Filter>
    </ClInclude>
    <ClInclude Include="include\eventHandler.h">
      <Filter>Header Files\UTIL</Filter>
    </ClInclude>
  </ItemGroup>
  <ItemGroup>
    <None Include="ClassDiagram.cd" />
    <None Include="external\assets\Car\shaders\car.fs">
      <Filter>Resource Files</Filter>
    </None>
    <None Include="external\assets\Car\shaders\car.vs">
      <Filter>Resource Files</Filter>
    </None>
  </ItemGroup>
</Project>